// !$*UTF8*$!
{
	archiveVersion = 1;
	classes = {
	};
	objectVersion = 46;
	objects = {

/* Begin PBXBuildFile section */
		4B8711331C6F3D4D0027F0C9 /* AppDelegate.swift in Sources */ = {isa = PBXBuildFile; fileRef = 4B8711321C6F3D4D0027F0C9 /* AppDelegate.swift */; };
		4B8711351C6F3D4D0027F0C9 /* ViewController.swift in Sources */ = {isa = PBXBuildFile; fileRef = 4B8711341C6F3D4D0027F0C9 /* ViewController.swift */; };
		4B8711381C6F3D4D0027F0C9 /* Main.storyboard in Resources */ = {isa = PBXBuildFile; fileRef = 4B8711361C6F3D4D0027F0C9 /* Main.storyboard */; };
		4B87113A1C6F3D4D0027F0C9 /* Assets.xcassets in Resources */ = {isa = PBXBuildFile; fileRef = 4B8711391C6F3D4D0027F0C9 /* Assets.xcassets */; };
		4B87113D1C6F3D4D0027F0C9 /* LaunchScreen.storyboard in Resources */ = {isa = PBXBuildFile; fileRef = 4B87113B1C6F3D4D0027F0C9 /* LaunchScreen.storyboard */; };
		4B8711481C6F3D4D0027F0C9 /* ImageCoordinateSpaceTests.swift in Sources */ = {isa = PBXBuildFile; fileRef = 4B8711471C6F3D4D0027F0C9 /* ImageCoordinateSpaceTests.swift */; };
		4B8711651C6F3FBC0027F0C9 /* Nimble.framework in Frameworks */ = {isa = PBXBuildFile; fileRef = 4B8711631C6F3FBC0027F0C9 /* Nimble.framework */; };
		4B8711661C6F3FBC0027F0C9 /* Quick.framework in Frameworks */ = {isa = PBXBuildFile; fileRef = 4B8711641C6F3FBC0027F0C9 /* Quick.framework */; };
		4B8711671C6F3FC10027F0C9 /* Nimble.framework in CopyFiles */ = {isa = PBXBuildFile; fileRef = 4B8711631C6F3FBC0027F0C9 /* Nimble.framework */; settings = {ATTRIBUTES = (CodeSignOnCopy, RemoveHeadersOnCopy, ); }; };
		4B8711681C6F3FC10027F0C9 /* Quick.framework in CopyFiles */ = {isa = PBXBuildFile; fileRef = 4B8711641C6F3FBC0027F0C9 /* Quick.framework */; settings = {ATTRIBUTES = (CodeSignOnCopy, RemoveHeadersOnCopy, ); }; };
/* End PBXBuildFile section */

/* Begin PBXContainerItemProxy section */
		4B8711441C6F3D4D0027F0C9 /* PBXContainerItemProxy */ = {
			isa = PBXContainerItemProxy;
			containerPortal = 4B8711271C6F3D4D0027F0C9 /* Project object */;
			proxyType = 1;
			remoteGlobalIDString = 4B87112E1C6F3D4D0027F0C9;
			remoteInfo = ImageCoordinateSpace;
		};
/* End PBXContainerItemProxy section */

/* Begin PBXCopyFilesBuildPhase section */
		4B87115E1C6F3F730027F0C9 /* CopyFiles */ = {
			isa = PBXCopyFilesBuildPhase;
			buildActionMask = 2147483647;
			dstPath = "";
			dstSubfolderSpec = 10;
			files = (
				4B8711671C6F3FC10027F0C9 /* Nimble.framework in CopyFiles */,
				4B8711681C6F3FC10027F0C9 /* Quick.framework in CopyFiles */,
			);
			runOnlyForDeploymentPostprocessing = 0;
		};
/* End PBXCopyFilesBuildPhase section */

/* Begin PBXFileReference section */
		4B87112F1C6F3D4D0027F0C9 /* ImageCoordinateSpace.app */ = {isa = PBXFileReference; explicitFileType = wrapper.application; includeInIndex = 0; path = ImageCoordinateSpace.app; sourceTree = BUILT_PRODUCTS_DIR; };
		4B8711321C6F3D4D0027F0C9 /* AppDelegate.swift */ = {isa = PBXFileReference; lastKnownFileType = sourcecode.swift; path = AppDelegate.swift; sourceTree = "<group>"; };
		4B8711341C6F3D4D0027F0C9 /* ViewController.swift */ = {isa = PBXFileReference; lastKnownFileType = sourcecode.swift; path = ViewController.swift; sourceTree = "<group>"; };
		4B8711371C6F3D4D0027F0C9 /* Base */ = {isa = PBXFileReference; lastKnownFileType = file.storyboard; name = Base; path = Base.lproj/Main.storyboard; sourceTree = "<group>"; };
		4B8711391C6F3D4D0027F0C9 /* Assets.xcassets */ = {isa = PBXFileReference; lastKnownFileType = folder.assetcatalog; path = Assets.xcassets; sourceTree = "<group>"; };
		4B87113C1C6F3D4D0027F0C9 /* Base */ = {isa = PBXFileReference; lastKnownFileType = file.storyboard; name = Base; path = Base.lproj/LaunchScreen.storyboard; sourceTree = "<group>"; };
		4B87113E1C6F3D4D0027F0C9 /* Info.plist */ = {isa = PBXFileReference; lastKnownFileType = text.plist.xml; path = Info.plist; sourceTree = "<group>"; };
		4B8711431C6F3D4D0027F0C9 /* ImageCoordinateSpaceTests.xctest */ = {isa = PBXFileReference; explicitFileType = wrapper.cfbundle; includeInIndex = 0; path = ImageCoordinateSpaceTests.xctest; sourceTree = BUILT_PRODUCTS_DIR; };
		4B8711471C6F3D4D0027F0C9 /* ImageCoordinateSpaceTests.swift */ = {isa = PBXFileReference; lastKnownFileType = sourcecode.swift; path = ImageCoordinateSpaceTests.swift; sourceTree = "<group>"; };
		4B8711491C6F3D4D0027F0C9 /* Info.plist */ = {isa = PBXFileReference; lastKnownFileType = text.plist.xml; path = Info.plist; sourceTree = "<group>"; };
		4B8711631C6F3FBC0027F0C9 /* Nimble.framework */ = {isa = PBXFileReference; lastKnownFileType = wrapper.framework; name = Nimble.framework; path = Carthage/Build/iOS/Nimble.framework; sourceTree = "<group>"; };
		4B8711641C6F3FBC0027F0C9 /* Quick.framework */ = {isa = PBXFileReference; lastKnownFileType = wrapper.framework; name = Quick.framework; path = Carthage/Build/iOS/Quick.framework; sourceTree = "<group>"; };
/* End PBXFileReference section */

/* Begin PBXFrameworksBuildPhase section */
		4B87112C1C6F3D4D0027F0C9 /* Frameworks */ = {
			isa = PBXFrameworksBuildPhase;
			buildActionMask = 2147483647;
			files = (
			);
			runOnlyForDeploymentPostprocessing = 0;
		};
		4B8711401C6F3D4D0027F0C9 /* Frameworks */ = {
			isa = PBXFrameworksBuildPhase;
			buildActionMask = 2147483647;
			files = (
				4B8711651C6F3FBC0027F0C9 /* Nimble.framework in Frameworks */,
				4B8711661C6F3FBC0027F0C9 /* Quick.framework in Frameworks */,
			);
			runOnlyForDeploymentPostprocessing = 0;
		};
/* End PBXFrameworksBuildPhase section */

/* Begin PBXGroup section */
		4B8711261C6F3D4D0027F0C9 = {
			isa = PBXGroup;
			children = (
				4B8711311C6F3D4D0027F0C9 /* ImageCoordinateSpace */,
				4B8711461C6F3D4D0027F0C9 /* ImageCoordinateSpaceTests */,
				4B8711691C6F3FC60027F0C9 /* Frameworks */,
				4B8711301C6F3D4D0027F0C9 /* Products */,
			);
			sourceTree = "<group>";
		};
		4B8711301C6F3D4D0027F0C9 /* Products */ = {
			isa = PBXGroup;
			children = (
				4B87112F1C6F3D4D0027F0C9 /* ImageCoordinateSpace.app */,
				4B8711431C6F3D4D0027F0C9 /* ImageCoordinateSpaceTests.xctest */,
			);
			name = Products;
			sourceTree = "<group>";
		};
		4B8711311C6F3D4D0027F0C9 /* ImageCoordinateSpace */ = {
			isa = PBXGroup;
			children = (
				4B8711321C6F3D4D0027F0C9 /* AppDelegate.swift */,
				4B8711341C6F3D4D0027F0C9 /* ViewController.swift */,
				4B8711361C6F3D4D0027F0C9 /* Main.storyboard */,
				4B8711391C6F3D4D0027F0C9 /* Assets.xcassets */,
				4B87113B1C6F3D4D0027F0C9 /* LaunchScreen.storyboard */,
				4B87113E1C6F3D4D0027F0C9 /* Info.plist */,
			);
			path = ImageCoordinateSpace;
			sourceTree = "<group>";
		};
		4B8711461C6F3D4D0027F0C9 /* ImageCoordinateSpaceTests */ = {
			isa = PBXGroup;
			children = (
				4B8711471C6F3D4D0027F0C9 /* ImageCoordinateSpaceTests.swift */,
				4B8711491C6F3D4D0027F0C9 /* Info.plist */,
			);
			path = ImageCoordinateSpaceTests;
			sourceTree = "<group>";
		};
		4B8711691C6F3FC60027F0C9 /* Frameworks */ = {
			isa = PBXGroup;
			children = (
				4B8711631C6F3FBC0027F0C9 /* Nimble.framework */,
				4B8711641C6F3FBC0027F0C9 /* Quick.framework */,
			);
			name = Frameworks;
			sourceTree = "<group>";
		};
/* End PBXGroup section */

/* Begin PBXNativeTarget section */
		4B87112E1C6F3D4D0027F0C9 /* ImageCoordinateSpace */ = {
			isa = PBXNativeTarget;
			buildConfigurationList = 4B87114C1C6F3D4D0027F0C9 /* Build configuration list for PBXNativeTarget "ImageCoordinateSpace" */;
			buildPhases = (
				4B87112B1C6F3D4D0027F0C9 /* Sources */,
				4B87112C1C6F3D4D0027F0C9 /* Frameworks */,
				4B87112D1C6F3D4D0027F0C9 /* Resources */,
			);
			buildRules = (
			);
			dependencies = (
			);
			name = ImageCoordinateSpace;
			productName = ImageCoordinateSpace;
			productReference = 4B87112F1C6F3D4D0027F0C9 /* ImageCoordinateSpace.app */;
			productType = "com.apple.product-type.application";
		};
		4B8711421C6F3D4D0027F0C9 /* ImageCoordinateSpaceTests */ = {
			isa = PBXNativeTarget;
			buildConfigurationList = 4B87114F1C6F3D4D0027F0C9 /* Build configuration list for PBXNativeTarget "ImageCoordinateSpaceTests" */;
			buildPhases = (
				4B87113F1C6F3D4D0027F0C9 /* Sources */,
				4B8711401C6F3D4D0027F0C9 /* Frameworks */,
				4B8711411C6F3D4D0027F0C9 /* Resources */,
				4B87115E1C6F3F730027F0C9 /* CopyFiles */,
			);
			buildRules = (
			);
			dependencies = (
				4B8711451C6F3D4D0027F0C9 /* PBXTargetDependency */,
			);
			name = ImageCoordinateSpaceTests;
			productName = ImageCoordinateSpaceTests;
			productReference = 4B8711431C6F3D4D0027F0C9 /* ImageCoordinateSpaceTests.xctest */;
			productType = "com.apple.product-type.bundle.unit-test";
		};
/* End PBXNativeTarget section */

/* Begin PBXProject section */
		4B8711271C6F3D4D0027F0C9 /* Project object */ = {
			isa = PBXProject;
			attributes = {
				LastSwiftUpdateCheck = 0720;
				LastUpgradeCheck = 0720;
				TargetAttributes = {
					4B87112E1C6F3D4D0027F0C9 = {
						CreatedOnToolsVersion = 7.2.1;
					};
					4B8711421C6F3D4D0027F0C9 = {
						CreatedOnToolsVersion = 7.2.1;
						TestTargetID = 4B87112E1C6F3D4D0027F0C9;
					};
				};
			};
			buildConfigurationList = 4B87112A1C6F3D4D0027F0C9 /* Build configuration list for PBXProject "ImageCoordinateSpace" */;
			compatibilityVersion = "Xcode 3.2";
			developmentRegion = English;
			hasScannedForEncodings = 0;
			knownRegions = (
				en,
				Base,
			);
			mainGroup = 4B8711261C6F3D4D0027F0C9;
			productRefGroup = 4B8711301C6F3D4D0027F0C9 /* Products */;
			projectDirPath = "";
			projectRoot = "";
			targets = (
				4B87112E1C6F3D4D0027F0C9 /* ImageCoordinateSpace */,
				4B8711421C6F3D4D0027F0C9 /* ImageCoordinateSpaceTests */,
			);
		};
/* End PBXProject section */

/* Begin PBXResourcesBuildPhase section */
		4B87112D1C6F3D4D0027F0C9 /* Resources */ = {
			isa = PBXResourcesBuildPhase;
			buildActionMask = 2147483647;
			files = (
				4B87113D1C6F3D4D0027F0C9 /* LaunchScreen.storyboard in Resources */,
				4B87113A1C6F3D4D0027F0C9 /* Assets.xcassets in Resources */,
				4B8711381C6F3D4D0027F0C9 /* Main.storyboard in Resources */,
			);
			runOnlyForDeploymentPostprocessing = 0;
		};
		4B8711411C6F3D4D0027F0C9 /* Resources */ = {
			isa = PBXResourcesBuildPhase;
			buildActionMask = 2147483647;
			files = (
			);
			runOnlyForDeploymentPostprocessing = 0;
		};
/* End PBXResourcesBuildPhase section */

/* Begin PBXSourcesBuildPhase section */
		4B87112B1C6F3D4D0027F0C9 /* Sources */ = {
			isa = PBXSourcesBuildPhase;
			buildActionMask = 2147483647;
			files = (
				4B8711351C6F3D4D0027F0C9 /* ViewController.swift in Sources */,
				4B8711331C6F3D4D0027F0C9 /* AppDelegate.swift in Sources */,
			);
			runOnlyForDeploymentPostprocessing = 0;
		};
		4B87113F1C6F3D4D0027F0C9 /* Sources */ = {
			isa = PBXSourcesBuildPhase;
			buildActionMask = 2147483647;
			files = (
				4B8711481C6F3D4D0027F0C9 /* ImageCoordinateSpaceTests.swift in Sources */,
			);
			runOnlyForDeploymentPostprocessing = 0;
		};
/* End PBXSourcesBuildPhase section */

/* Begin PBXTargetDependency section */
		4B8711451C6F3D4D0027F0C9 /* PBXTargetDependency */ = {
			isa = PBXTargetDependency;
			target = 4B87112E1C6F3D4D0027F0C9 /* ImageCoordinateSpace */;
			targetProxy = 4B8711441C6F3D4D0027F0C9 /* PBXContainerItemProxy */;
		};
/* End PBXTargetDependency section */

/* Begin PBXVariantGroup section */
		4B8711361C6F3D4D0027F0C9 /* Main.storyboard */ = {
			isa = PBXVariantGroup;
			children = (
				4B8711371C6F3D4D0027F0C9 /* Base */,
			);
			name = Main.storyboard;
			sourceTree = "<group>";
		};
		4B87113B1C6F3D4D0027F0C9 /* LaunchScreen.storyboard */ = {
			isa = PBXVariantGroup;
			children = (
				4B87113C1C6F3D4D0027F0C9 /* Base */,
			);
			name = LaunchScreen.storyboard;
			sourceTree = "<group>";
		};
/* End PBXVariantGroup section */

/* Begin XCBuildConfiguration section */
		4B87114A1C6F3D4D0027F0C9 /* Debug */ = {
			isa = XCBuildConfiguration;
			buildSettings = {
				ALWAYS_SEARCH_USER_PATHS = NO;
				CLANG_CXX_LANGUAGE_STANDARD = "gnu++0x";
				CLANG_CXX_LIBRARY = "libc++";
				CLANG_ENABLE_MODULES = YES;
				CLANG_ENABLE_OBJC_ARC = YES;
				CLANG_WARN_BOOL_CONVERSION = YES;
				CLANG_WARN_CONSTANT_CONVERSION = YES;
				CLANG_WARN_DIRECT_OBJC_ISA_USAGE = YES_ERROR;
				CLANG_WARN_EMPTY_BODY = YES;
				CLANG_WARN_ENUM_CONVERSION = YES;
				CLANG_WARN_INT_CONVERSION = YES;
				CLANG_WARN_OBJC_ROOT_CLASS = YES_ERROR;
				CLANG_WARN_UNREACHABLE_CODE = YES;
				CLANG_WARN__DUPLICATE_METHOD_MATCH = YES;
				"CODE_SIGN_IDENTITY[sdk=iphoneos*]" = "iPhone Developer";
				COPY_PHASE_STRIP = NO;
				DEBUG_INFORMATION_FORMAT = dwarf;
				ENABLE_STRICT_OBJC_MSGSEND = YES;
				ENABLE_TESTABILITY = YES;
				GCC_C_LANGUAGE_STANDARD = gnu99;
				GCC_DYNAMIC_NO_PIC = NO;
				GCC_NO_COMMON_BLOCKS = YES;
				GCC_OPTIMIZATION_LEVEL = 0;
				GCC_PREPROCESSOR_DEFINITIONS = (
					"DEBUG=1",
					"$(inherited)",
				);
				GCC_WARN_64_TO_32_BIT_CONVERSION = YES;
				GCC_WARN_ABOUT_RETURN_TYPE = YES_ERROR;
				GCC_WARN_UNDECLARED_SELECTOR = YES;
				GCC_WARN_UNINITIALIZED_AUTOS = YES_AGGRESSIVE;
				GCC_WARN_UNUSED_FUNCTION = YES;
				GCC_WARN_UNUSED_VARIABLE = YES;
				IPHONEOS_DEPLOYMENT_TARGET = 9.2;
				MTL_ENABLE_DEBUG_INFO = YES;
				ONLY_ACTIVE_ARCH = YES;
				SDKROOT = iphoneos;
				SWIFT_OPTIMIZATION_LEVEL = "-Onone";
			};
			name = Debug;
		};
		4B87114B1C6F3D4D0027F0C9 /* Release */ = {
			isa = XCBuildConfiguration;
			buildSettings = {
				ALWAYS_SEARCH_USER_PATHS = NO;
				CLANG_CXX_LANGUAGE_STANDARD = "gnu++0x";
				CLANG_CXX_LIBRARY = "libc++";
				CLANG_ENABLE_MODULES = YES;
				CLANG_ENABLE_OBJC_ARC = YES;
				CLANG_WARN_BOOL_CONVERSION = YES;
				CLANG_WARN_CONSTANT_CONVERSION = YES;
				CLANG_WARN_DIRECT_OBJC_ISA_USAGE = YES_ERROR;
				CLANG_WARN_EMPTY_BODY = YES;
				CLANG_WARN_ENUM_CONVERSION = YES;
				CLANG_WARN_INT_CONVERSION = YES;
				CLANG_WARN_OBJC_ROOT_CLASS = YES_ERROR;
				CLANG_WARN_UNREACHABLE_CODE = YES;
				CLANG_WARN__DUPLICATE_METHOD_MATCH = YES;
				"CODE_SIGN_IDENTITY[sdk=iphoneos*]" = "iPhone Developer";
				COPY_PHASE_STRIP = NO;
				DEBUG_INFORMATION_FORMAT = "dwarf-with-dsym";
				ENABLE_NS_ASSERTIONS = NO;
				ENABLE_STRICT_OBJC_MSGSEND = YES;
				GCC_C_LANGUAGE_STANDARD = gnu99;
				GCC_NO_COMMON_BLOCKS = YES;
				GCC_WARN_64_TO_32_BIT_CONVERSION = YES;
				GCC_WARN_ABOUT_RETURN_TYPE = YES_ERROR;
				GCC_WARN_UNDECLARED_SELECTOR = YES;
				GCC_WARN_UNINITIALIZED_AUTOS = YES_AGGRESSIVE;
				GCC_WARN_UNUSED_FUNCTION = YES;
				GCC_WARN_UNUSED_VARIABLE = YES;
				IPHONEOS_DEPLOYMENT_TARGET = 9.2;
				MTL_ENABLE_DEBUG_INFO = NO;
				SDKROOT = iphoneos;
				VALIDATE_PRODUCT = YES;
			};
			name = Release;
		};
		4B87114D1C6F3D4D0027F0C9 /* Debug */ = {
			isa = XCBuildConfiguration;
			buildSettings = {
				ASSETCATALOG_COMPILER_APPICON_NAME = AppIcon;
				FRAMEWORK_SEARCH_PATHS = (
					"$(inherited)",
					"$(PROJECT_DIR)/Carthage/Build/iOS",
				);
				INFOPLIST_FILE = ImageCoordinateSpace/Info.plist;
				LD_RUNPATH_SEARCH_PATHS = "$(inherited) @executable_path/Frameworks";
				PRODUCT_BUNDLE_IDENTIFIER = org.ImageCoordinateSpace;
				PRODUCT_NAME = "$(TARGET_NAME)";
			};
			name = Debug;
		};
		4B87114E1C6F3D4D0027F0C9 /* Release */ = {
			isa = XCBuildConfiguration;
			buildSettings = {
				ASSETCATALOG_COMPILER_APPICON_NAME = AppIcon;
				FRAMEWORK_SEARCH_PATHS = (
					"$(inherited)",
					"$(PROJECT_DIR)/Carthage/Build/iOS",
				);
				INFOPLIST_FILE = ImageCoordinateSpace/Info.plist;
				LD_RUNPATH_SEARCH_PATHS = "$(inherited) @executable_path/Frameworks";
				PRODUCT_BUNDLE_IDENTIFIER = org.ImageCoordinateSpace;
				PRODUCT_NAME = "$(TARGET_NAME)";
			};
			name = Release;
		};
		4B8711501C6F3D4D0027F0C9 /* Debug */ = {
			isa = XCBuildConfiguration;
			buildSettings = {
				BUNDLE_LOADER = "$(TEST_HOST)";
				FRAMEWORK_SEARCH_PATHS = (
					"$(inherited)",
					"$(PROJECT_DIR)/Carthage/Build/iOS",
				);
				INFOPLIST_FILE = ImageCoordinateSpaceTests/Info.plist;
				LD_RUNPATH_SEARCH_PATHS = "$(inherited) @executable_path/Frameworks @loader_path/Frameworks";
				PRODUCT_BUNDLE_IDENTIFIER = org.ImageCoordinateSpaceTests;
				PRODUCT_NAME = "$(TARGET_NAME)";
				TEST_HOST = "$(BUILT_PRODUCTS_DIR)/ImageCoordinateSpace.app/ImageCoordinateSpace";
			};
			name = Debug;
		};
		4B8711511C6F3D4D0027F0C9 /* Release */ = {
			isa = XCBuildConfiguration;
			buildSettings = {
				BUNDLE_LOADER = "$(TEST_HOST)";
				FRAMEWORK_SEARCH_PATHS = (
					"$(inherited)",
					"$(PROJECT_DIR)/Carthage/Build/iOS",
				);
				INFOPLIST_FILE = ImageCoordinateSpaceTests/Info.plist;
				LD_RUNPATH_SEARCH_PATHS = "$(inherited) @executable_path/Frameworks @loader_path/Frameworks";
				PRODUCT_BUNDLE_IDENTIFIER = org.ImageCoordinateSpaceTests;
				PRODUCT_NAME = "$(TARGET_NAME)";
				TEST_HOST = "$(BUILT_PRODUCTS_DIR)/ImageCoordinateSpace.app/ImageCoordinateSpace";
			};
			name = Release;
		};
/* End XCBuildConfiguration section */

/* Begin XCConfigurationList section */
		4B87112A1C6F3D4D0027F0C9 /* Build configuration list for PBXProject "ImageCoordinateSpace" */ = {
			isa = XCConfigurationList;
			buildConfigurations = (
				4B87114A1C6F3D4D0027F0C9 /* Debug */,
				4B87114B1C6F3D4D0027F0C9 /* Release */,
			);
			defaultConfigurationIsVisible = 0;
			defaultConfigurationName = Release;
		};
		4B87114C1C6F3D4D0027F0C9 /* Build configuration list for PBXNativeTarget "ImageCoordinateSpace" */ = {
			isa = XCConfigurationList;
			buildConfigurations = (
				4B87114D1C6F3D4D0027F0C9 /* Debug */,
				4B87114E1C6F3D4D0027F0C9 /* Release */,
			);
			defaultConfigurationIsVisible = 0;
		};
		4B87114F1C6F3D4D0027F0C9 /* Build configuration list for PBXNativeTarget "ImageCoordinateSpaceTests" */ = {
			isa = XCConfigurationList;
			buildConfigurations = (
				4B8711501C6F3D4D0027F0C9 /* Debug */,
				4B8711511C6F3D4D0027F0C9 /* Release */,
			);
			defaultConfigurationIsVisible = 0;
		};
/* End XCConfigurationList section */
	};
	rootObject = 4B8711271C6F3D4D0027F0C9 /* Project object */;
}
